
Microsoft Visual Studio Solution File, Format Version 12.00
# Visual Studio Version 16
VisualStudioVersion = 16.0.29324.140
MinimumVisualStudioVersion = 10.0.40219.1
Project("{FAE04EC0-301F-11D3-BF4B-00C04F79EFBC}") = "Factory", "Factory\Factory.csproj", "{C7CFC5D6-FEC0-4171-9778-2BBA1F2B5C0F}"
EndProject
Project("{FAE04EC0-301F-11D3-BF4B-00C04F79EFBC}") = "DependencyInversion", "DependencyInversion\DependencyInversion.csproj", "{91BFF95B-2FC0-432F-9341-3E25CC75BE5D}"
EndProject
Project("{FAE04EC0-301F-11D3-BF4B-00C04F79EFBC}") = "DependencyInjection", "DependencyInjection\DependencyInjection.csproj", "{E4CEAACE-E525-473C-AA8C-DF4C14E813EF}"
EndProject
Project("{FAE04EC0-301F-11D3-BF4B-00C04F79EFBC}") = "UnityContainer", "UnityContainer\UnityContainer.csproj", "{A50019BE-44A9-45EF-AECC-049BF1E4C2ED}"
EndProject
Global
	GlobalSection(SolutionConfigurationPlatforms) = preSolution
		Debug|Any CPU = Debug|Any CPU
		Release|Any CPU = Release|Any CPU
	EndGlobalSection
	GlobalSection(ProjectConfigurationPlatforms) = postSolution
		{C7CFC5D6-FEC0-4171-9778-2BBA1F2B5C0F}.Debug|Any CPU.ActiveCfg = Debug|Any CPU
		{C7CFC5D6-FEC0-4171-9778-2BBA1F2B5C0F}.Debug|Any CPU.Build.0 = Debug|Any CPU
		{C7CFC5D6-FEC0-4171-9778-2BBA1F2B5C0F}.Release|Any CPU.ActiveCfg = Release|Any CPU
		{C7CFC5D6-FEC0-4171-9778-2BBA1F2B5C0F}.Release|Any CPU.Build.0 = Release|Any CPU
		{91BFF95B-2FC0-432F-9341-3E25CC75BE5D}.Debug|Any CPU.ActiveCfg = Debug|Any CPU
		{91BFF95B-2FC0-432F-9341-3E25CC75BE5D}.Debug|Any CPU.Build.0 = Debug|Any CPU
		{91BFF95B-2FC0-432F-9341-3E25CC75BE5D}.Release|Any CPU.ActiveCfg = Release|Any CPU
		{91BFF95B-2FC0-432F-9341-3E25CC75BE5D}.Release|Any CPU.Build.0 = Release|Any CPU
		{E4CEAACE-E525-473C-AA8C-DF4C14E813EF}.Debug|Any CPU.ActiveCfg = Debug|Any CPU
		{E4CEAACE-E525-473C-AA8C-DF4C14E813EF}.Debug|Any CPU.Build.0 = Debug|Any CPU
		{E4CEAACE-E525-473C-AA8C-DF4C14E813EF}.Release|Any CPU.ActiveCfg = Release|Any CPU
		{E4CEAACE-E525-473C-AA8C-DF4C14E813EF}.Release|Any CPU.Build.0 = Release|Any CPU
		{A50019BE-44A9-45EF-AECC-049BF1E4C2ED}.Debug|Any CPU.ActiveCfg = Debug|Any CPU
		{A50019BE-44A9-45EF-AECC-049BF1E4C2ED}.Debug|Any CPU.Build.0 = Debug|Any CPU
		{A50019BE-44A9-45EF-AECC-049BF1E4C2ED}.Release|Any CPU.ActiveCfg = Release|Any CPU
		{A50019BE-44A9-45EF-AECC-049BF1E4C2ED}.Release|Any CPU.Build.0 = Release|Any CPU
	EndGlobalSection
	GlobalSection(SolutionProperties) = preSolution
		HideSolutionNode = FALSE
	EndGlobalSection
	GlobalSection(ExtensibilityGlobals) = postSolution
		SolutionGuid = {E9C3ADB1-DE96-4CB4-903A-8F50186CF94A}
	EndGlobalSection
EndGlobal
